Microsoft Visual Studio Solution File, Format Version 11.00
# Visual Studio 2008

Project("{761C2257-6431-5982-6669-77A344C68200}") = "JustJump", "Assembly-CSharp.csproj", "{9643C300-C839-CBFE-D38B-F7493C37A99C}"
EndProject
Global
	GlobalSection(SolutionConfigurationPlatforms) = preSolution
		Debug|Any CPU = Debug|Any CPU
		Release|Any CPU = Release|Any CPU
	EndGlobalSection
	GlobalSection(ProjectConfigurationPlatforms) = postSolution
		{9643C300-C839-CBFE-D38B-F7493C37A99C}.Debug|Any CPU.ActiveCfg = Debug|Any CPU
		{9643C300-C839-CBFE-D38B-F7493C37A99C}.Debug|Any CPU.Build.0 = Debug|Any CPU
		{9643C300-C839-CBFE-D38B-F7493C37A99C}.Release|Any CPU.ActiveCfg = Release|Any CPU
		{9643C300-C839-CBFE-D38B-F7493C37A99C}.Release|Any CPU.Build.0 = Release|Any CPU
	EndGlobalSection
	GlobalSection(SolutionProperties) = preSolution
		HideSolutionNode = FALSE
	EndGlobalSection
	GlobalSection(MonoDevelopProperties) = preSolution
		StartupItem = Assembly-CSharp.csproj
	EndGlobalSection
EndGlobal
